
Microsoft Visual Studio Solution File, Format Version 12.00
# Visual Studio Version 16
VisualStudioVersion = 16.0.30717.126
MinimumVisualStudioVersion = 10.0.40219.1
Project("{FAE04EC0-301F-11D3-BF4B-00C04F79EFBC}") = "WebBrowser", "proje21\WebBrowser.csproj", "{0E7897EE-A474-4705-B6CA-A98BC48AD222}"
EndProject
Global
	GlobalSection(SolutionConfigurationPlatforms) = preSolution
		Debug|Any CPU = Debug|Any CPU
		Release|Any CPU = Release|Any CPU
	EndGlobalSection
	GlobalSection(ProjectConfigurationPlatforms) = postSolution
		{0E7897EE-A474-4705-B6CA-A98BC48AD222}.Debug|Any CPU.ActiveCfg = Debug|Any CPU
		{0E7897EE-A474-4705-B6CA-A98BC48AD222}.Debug|Any CPU.Build.0 = Debug|Any CPU
		{0E7897EE-A474-4705-B6CA-A98BC48AD222}.Release|Any CPU.ActiveCfg = Release|Any CPU
		{0E7897EE-A474-4705-B6CA-A98BC48AD222}.Release|Any CPU.Build.0 = Release|Any CPU
	EndGlobalSection
	GlobalSection(SolutionProperties) = preSolution
		HideSolutionNode = FALSE
	EndGlobalSection
	GlobalSection(ExtensibilityGlobals) = postSolution
		SolutionGuid = {7D7D907E-32E4-4A97-B651-7640D95E4159}
	EndGlobalSection
EndGlobal
